
Microsoft Visual Studio Solution File, Format Version 12.00
# Visual Studio 2012
Project("{8BC9CEB8-8B4A-11D0-8D11-00A0C91BC942}") = "StormValue", "StormValue.vcxproj", "{B84A89EE-CF95-4F56-9A28-7F32D0FA7C78}"
EndProject
Project("{8BC9CEB8-8B4A-11D0-8D11-00A0C91BC942}") = "RTEngine", "RTEngine\RTEngine\RTEngine.vcxproj", "{047DB15A-AD46-48DE-B16D-3E45C9975BEE}"
EndProject
Project("{8BC9CEB8-8B4A-11D0-8D11-00A0C91BC942}") = "ValueEngine", "ValEngine\ValueEngine\ValueEngine.vcxproj", "{152ED2D8-E9BB-4CDC-A11A-DB08397875B5}"
EndProject
Global
	GlobalSection(SolutionConfigurationPlatforms) = preSolution
		Debug|ARM = Debug|ARM
		Debug|Win32 = Debug|Win32
		Debug|x64 = Debug|x64
		Debug|x86 = Debug|x86
		Release|ARM = Release|ARM
		Release|Win32 = Release|Win32
		Release|x64 = Release|x64
		Release|x86 = Release|x86
	EndGlobalSection
	GlobalSection(ProjectConfigurationPlatforms) = postSolution
		{B84A89EE-CF95-4F56-9A28-7F32D0FA7C78}.Debug|ARM.ActiveCfg = Debug|Win32
		{B84A89EE-CF95-4F56-9A28-7F32D0FA7C78}.Debug|Win32.ActiveCfg = Debug|Win32
		{B84A89EE-CF95-4F56-9A28-7F32D0FA7C78}.Debug|Win32.Build.0 = Debug|Win32
		{B84A89EE-CF95-4F56-9A28-7F32D0FA7C78}.Debug|x64.ActiveCfg = Debug|x64
		{B84A89EE-CF95-4F56-9A28-7F32D0FA7C78}.Debug|x64.Build.0 = Debug|x64
		{B84A89EE-CF95-4F56-9A28-7F32D0FA7C78}.Debug|x86.ActiveCfg = Debug|Win32
		{B84A89EE-CF95-4F56-9A28-7F32D0FA7C78}.Debug|x86.Build.0 = Debug|Win32
		{B84A89EE-CF95-4F56-9A28-7F32D0FA7C78}.Release|ARM.ActiveCfg = Release|Win32
		{B84A89EE-CF95-4F56-9A28-7F32D0FA7C78}.Release|Win32.ActiveCfg = Release|Win32
		{B84A89EE-CF95-4F56-9A28-7F32D0FA7C78}.Release|Win32.Build.0 = Release|Win32
		{B84A89EE-CF95-4F56-9A28-7F32D0FA7C78}.Release|x64.ActiveCfg = Release|x64
		{B84A89EE-CF95-4F56-9A28-7F32D0FA7C78}.Release|x64.Build.0 = Release|x64
		{B84A89EE-CF95-4F56-9A28-7F32D0FA7C78}.Release|x86.ActiveCfg = Release|Win32
		{B84A89EE-CF95-4F56-9A28-7F32D0FA7C78}.Release|x86.Build.0 = Release|Win32
		{047DB15A-AD46-48DE-B16D-3E45C9975BEE}.Debug|ARM.ActiveCfg = Debug|ARM
		{047DB15A-AD46-48DE-B16D-3E45C9975BEE}.Debug|ARM.Build.0 = Debug|ARM
		{047DB15A-AD46-48DE-B16D-3E45C9975BEE}.Debug|Win32.ActiveCfg = Debug|Win32
		{047DB15A-AD46-48DE-B16D-3E45C9975BEE}.Debug|Win32.Build.0 = Debug|Win32
		{047DB15A-AD46-48DE-B16D-3E45C9975BEE}.Debug|x64.ActiveCfg = Debug|x64
		{047DB15A-AD46-48DE-B16D-3E45C9975BEE}.Debug|x64.Build.0 = Debug|x64
		{047DB15A-AD46-48DE-B16D-3E45C9975BEE}.Debug|x86.ActiveCfg = Debug|Win32
		{047DB15A-AD46-48DE-B16D-3E45C9975BEE}.Debug|x86.Build.0 = Debug|Win32
		{047DB15A-AD46-48DE-B16D-3E45C9975BEE}.Release|ARM.ActiveCfg = Release|ARM
		{047DB15A-AD46-48DE-B16D-3E45C9975BEE}.Release|ARM.Build.0 = Release|ARM
		{047DB15A-AD46-48DE-B16D-3E45C9975BEE}.Release|Win32.ActiveCfg = Release|Win32
		{047DB15A-AD46-48DE-B16D-3E45C9975BEE}.Release|Win32.Build.0 = Release|Win32
		{047DB15A-AD46-48DE-B16D-3E45C9975BEE}.Release|x64.ActiveCfg = Release|x64
		{047DB15A-AD46-48DE-B16D-3E45C9975BEE}.Release|x64.Build.0 = Release|x64
		{047DB15A-AD46-48DE-B16D-3E45C9975BEE}.Release|x86.ActiveCfg = Release|Win32
		{047DB15A-AD46-48DE-B16D-3E45C9975BEE}.Release|x86.Build.0 = Release|Win32
		{152ED2D8-E9BB-4CDC-A11A-DB08397875B5}.Debug|ARM.ActiveCfg = Debug|ARM
		{152ED2D8-E9BB-4CDC-A11A-DB08397875B5}.Debug|ARM.Build.0 = Debug|ARM
		{152ED2D8-E9BB-4CDC-A11A-DB08397875B5}.Debug|Win32.ActiveCfg = Debug|Win32
		{152ED2D8-E9BB-4CDC-A11A-DB08397875B5}.Debug|Win32.Build.0 = Debug|Win32
		{152ED2D8-E9BB-4CDC-A11A-DB08397875B5}.Debug|x64.ActiveCfg = Debug|x64
		{152ED2D8-E9BB-4CDC-A11A-DB08397875B5}.Debug|x64.Build.0 = Debug|x64
		{152ED2D8-E9BB-4CDC-A11A-DB08397875B5}.Debug|x86.ActiveCfg = Debug|Win32
		{152ED2D8-E9BB-4CDC-A11A-DB08397875B5}.Debug|x86.Build.0 = Debug|Win32
		{152ED2D8-E9BB-4CDC-A11A-DB08397875B5}.Release|ARM.ActiveCfg = Release|ARM
		{152ED2D8-E9BB-4CDC-A11A-DB08397875B5}.Release|ARM.Build.0 = Release|ARM
		{152ED2D8-E9BB-4CDC-A11A-DB08397875B5}.Release|Win32.ActiveCfg = Release|Win32
		{152ED2D8-E9BB-4CDC-A11A-DB08397875B5}.Release|Win32.Build.0 = Release|Win32
		{152ED2D8-E9BB-4CDC-A11A-DB08397875B5}.Release|x64.ActiveCfg = Release|x64
		{152ED2D8-E9BB-4CDC-A11A-DB08397875B5}.Release|x64.Build.0 = Release|x64
		{152ED2D8-E9BB-4CDC-A11A-DB08397875B5}.Release|x86.ActiveCfg = Release|Win32
		{152ED2D8-E9BB-4CDC-A11A-DB08397875B5}.Release|x86.Build.0 = Release|Win32
	EndGlobalSection
	GlobalSection(SolutionProperties) = preSolution
		HideSolutionNode = FALSE
	EndGlobalSection
	GlobalSection(ExtensibilityGlobals) = postSolution
		SolutionGuid = {12F07D57-26F8-467B-8820-353382FE632F}
	EndGlobalSection
EndGlobal
